
Microsoft Visual Studio Solution File, Format Version 12.00
# Visual Studio Version 16
VisualStudioVersion = 16.0.29306.81
MinimumVisualStudioVersion = 10.0.40219.1
Project("{FAE04EC0-301F-11D3-BF4B-00C04F79EFBC}") = "reciever", "reciever\reciever.csproj", "{0A72020C-FB65-4AB2-B418-843955837374}"
EndProject
Global
	GlobalSection(SolutionConfigurationPlatforms) = preSolution
		Debug|Any CPU = Debug|Any CPU
		Release|Any CPU = Release|Any CPU
	EndGlobalSection
	GlobalSection(ProjectConfigurationPlatforms) = postSolution
		{0A72020C-FB65-4AB2-B418-843955837374}.Debug|Any CPU.ActiveCfg = Debug|Any CPU
		{0A72020C-FB65-4AB2-B418-843955837374}.Debug|Any CPU.Build.0 = Debug|Any CPU
		{0A72020C-FB65-4AB2-B418-843955837374}.Release|Any CPU.ActiveCfg = Release|Any CPU
		{0A72020C-FB65-4AB2-B418-843955837374}.Release|Any CPU.Build.0 = Release|Any CPU
	EndGlobalSection
	GlobalSection(SolutionProperties) = preSolution
		HideSolutionNode = FALSE
	EndGlobalSection
	GlobalSection(ExtensibilityGlobals) = postSolution
		SolutionGuid = {2AC0753D-D9F7-4597-8269-A282D860D9AB}
	EndGlobalSection
EndGlobal
